{
  "name": "tweety",
  "version": "1.0.0",
  "lockfileVersion": 1,
  "dependencies": {
    "secure-random": {
      "version": "1.1.1",
      "resolved": "https://registry.npmjs.org/secure-random/-/secure-random-1.1.1.tgz",
      "integrity": "sha1-CIDy2MUYX0vLRoQFjINrTdsHFFo="
    },
    "snekfetch": {
      "version": "3.2.4",
      "resolved": "https://registry.npmjs.org/snekfetch/-/snekfetch-3.2.4.tgz",
      "integrity": "sha512-vDZYK3cgt0mFLeAzQXNGgAc/8G3AnbqbfuBt1FOaLgYt42BWEi3z3U5tSLGEs+bvO6d5nU7mBbhpi8RIVF2ztw=="
    }
  }
}
